
Microsoft Visual Studio Solution File, Format Version 12.00
# Visual Studio Version 16
VisualStudioVersion = 16.0.30309.148
MinimumVisualStudioVersion = 10.0.40219.1
Project("{FAE04EC0-301F-11D3-BF4B-00C04F79EFBC}") = "AudioOutput_Manager", "AudioOutput_Manager.csproj", "{CACBFA56-C479-42AC-9D16-4D2A2F0967F2}"
EndProject
Project("{54435603-DBB4-11D2-8724-00A0C9A8B90C}") = "AudioOutput_Manager_Setup", "..\AudioOutput_Manager_Setup\AudioOutput_Manager_Setup.vdproj", "{A071C606-D1D2-4DEF-B6AF-8C74DD5B1C2F}"
EndProject
Global
	GlobalSection(SolutionConfigurationPlatforms) = preSolution
		Debug|Any CPU = Debug|Any CPU
		Release|Any CPU = Release|Any CPU
	EndGlobalSection
	GlobalSection(ProjectConfigurationPlatforms) = postSolution
		{CACBFA56-C479-42AC-9D16-4D2A2F0967F2}.Debug|Any CPU.ActiveCfg = Debug|Any CPU
		{CACBFA56-C479-42AC-9D16-4D2A2F0967F2}.Debug|Any CPU.Build.0 = Debug|Any CPU
		{CACBFA56-C479-42AC-9D16-4D2A2F0967F2}.Release|Any CPU.ActiveCfg = Release|Any CPU
		{CACBFA56-C479-42AC-9D16-4D2A2F0967F2}.Release|Any CPU.Build.0 = Release|Any CPU
		{A071C606-D1D2-4DEF-B6AF-8C74DD5B1C2F}.Debug|Any CPU.ActiveCfg = Debug
		{A071C606-D1D2-4DEF-B6AF-8C74DD5B1C2F}.Release|Any CPU.ActiveCfg = Release
	EndGlobalSection
	GlobalSection(SolutionProperties) = preSolution
		HideSolutionNode = FALSE
	EndGlobalSection
	GlobalSection(ExtensibilityGlobals) = postSolution
		SolutionGuid = {DF070960-4048-47D4-B060-4137A0EA7EE5}
	EndGlobalSection
EndGlobal
